github.com/mayone/Go-Utilities v0.0.0-20200318061045-f03e5b7852f5 h1:pkuCIhi92IF3XWkyRHjGKyrqpoOomNjgHh8dShUqpiQ=
github.com/mayone/Go-Utilities v0.0.0-20200318061045-f03e5b7852f5/go.mod h1:mlH+1yRPidfsoFY7doJgPAlFn/gSn2CaN1DzaYRQIhg=
github.com/mayone/Go-Utilities v0.0.0-20200409082050-ca1e0342aa64 h1:kHbzw4CaRnt6Vq9Kyoyy1T3LnzbVcu3XSC8nBJqk6m8=
github.com/mayone/Go-Utilities v0.0.0-20200415025026-bc2e495b2afa h1:guNO/4IH8B8hJxKM4MGqVQuEotdNCp5oS/ItHNDq6Xk=
github.com/mayone/Go-Utilities v0.0.0-20200415025026-bc2e495b2afa/go.mod h1:mlH+1yRPidfsoFY7doJgPAlFn/gSn2CaN1DzaYRQIhg=
